
Microsoft Visual Studio Solution File, Format Version 12.00
# Visual Studio Version 17
VisualStudioVersion = 17.0.31903.59
MinimumVisualStudioVersion = 10.0.40219.1
Project("{FAE04EC0-301F-11D3-BF4B-00C04F79EFBC}") = "DriveSecurityDev", "DriveSecurityDev.csproj", "{DDABE70C-1C77-4F76-8740-ECE7F6E2169B}"
EndProject
Global
	GlobalSection(SolutionConfigurationPlatforms) = preSolution
		Debug|Any CPU = Debug|Any CPU
		Release|Any CPU = Release|Any CPU
	EndGlobalSection
	GlobalSection(ProjectConfigurationPlatforms) = postSolution
		{DDABE70C-1C77-4F76-8740-ECE7F6E2169B}.Debug|Any CPU.ActiveCfg = Debug|Any CPU
		{DDABE70C-1C77-4F76-8740-ECE7F6E2169B}.Debug|Any CPU.Build.0 = Debug|Any CPU
		{DDABE70C-1C77-4F76-8740-ECE7F6E2169B}.Release|Any CPU.ActiveCfg = Release|Any CPU
		{DDABE70C-1C77-4F76-8740-ECE7F6E2169B}.Release|Any CPU.Build.0 = Release|Any CPU
	EndGlobalSection
	GlobalSection(SolutionProperties) = preSolution
		HideSolutionNode = FALSE
	EndGlobalSection
	GlobalSection(ExtensibilityGlobals) = postSolution
		SolutionGuid = {0B7E32F1-BA31-4A48-B15A-98DEB2FFCAC4}
	EndGlobalSection
EndGlobal
